
Microsoft Visual Studio Solution File, Format Version 12.00
# Visual Studio Version 17
VisualStudioVersion = 17.2.32526.322
MinimumVisualStudioVersion = 10.0.40219.1
Project("{FAE04EC0-301F-11D3-BF4B-00C04F79EFBC}") = "WpfApp1", "WpfApp1\WpfApp1.csproj", "{7B9DD8CB-41B4-4C79-AAF3-79CC7BF2C621}"
EndProject
Global
	GlobalSection(SolutionConfigurationPlatforms) = preSolution
		Debug|Any CPU = Debug|Any CPU
		Release|Any CPU = Release|Any CPU
	EndGlobalSection
	GlobalSection(ProjectConfigurationPlatforms) = postSolution
		{7B9DD8CB-41B4-4C79-AAF3-79CC7BF2C621}.Debug|Any CPU.ActiveCfg = Debug|Any CPU
		{7B9DD8CB-41B4-4C79-AAF3-79CC7BF2C621}.Debug|Any CPU.Build.0 = Debug|Any CPU
		{7B9DD8CB-41B4-4C79-AAF3-79CC7BF2C621}.Release|Any CPU.ActiveCfg = Release|Any CPU
		{7B9DD8CB-41B4-4C79-AAF3-79CC7BF2C621}.Release|Any CPU.Build.0 = Release|Any CPU
	EndGlobalSection
	GlobalSection(SolutionProperties) = preSolution
		HideSolutionNode = FALSE
	EndGlobalSection
	GlobalSection(ExtensibilityGlobals) = postSolution
		SolutionGuid = {3DBAD5B3-FF3A-4473-9E7D-07F8102C0F96}
	EndGlobalSection
EndGlobal
